
Microsoft Visual Studio Solution File, Format Version 12.00
# Visual Studio 14
VisualStudioVersion = 14.0.25420.1
MinimumVisualStudioVersion = 10.0.40219.1
Project("{FAE04EC0-301F-11D3-BF4B-00C04F79EFBC}") = "PersonApp", "PersonApp\PersonApp.csproj", "{36D49456-0B8D-48D5-9CC1-FF198EEC9E0E}"
EndProject
Project("{FAE04EC0-301F-11D3-BF4B-00C04F79EFBC}") = "PersonApp.Persistence.EntityFramework", "PersonApp.Persistence.EntityFramework\PersonApp.Persistence.EntityFramework.csproj", "{C7A0CA73-80C1-4C59-8176-890D542F4563}"
EndProject
Project("{FAE04EC0-301F-11D3-BF4B-00C04F79EFBC}") = "PersonApp.DesktopApp", "PersonApp.DesktopApp\PersonApp.DesktopApp.csproj", "{7309F38F-E9C5-4F13-B3D0-A3976983C428}"
EndProject
Global
	GlobalSection(SolutionConfigurationPlatforms) = preSolution
		Debug|Any CPU = Debug|Any CPU
		Release|Any CPU = Release|Any CPU
	EndGlobalSection
	GlobalSection(ProjectConfigurationPlatforms) = postSolution
		{36D49456-0B8D-48D5-9CC1-FF198EEC9E0E}.Debug|Any CPU.ActiveCfg = Debug|Any CPU
		{36D49456-0B8D-48D5-9CC1-FF198EEC9E0E}.Debug|Any CPU.Build.0 = Debug|Any CPU
		{36D49456-0B8D-48D5-9CC1-FF198EEC9E0E}.Release|Any CPU.ActiveCfg = Release|Any CPU
		{36D49456-0B8D-48D5-9CC1-FF198EEC9E0E}.Release|Any CPU.Build.0 = Release|Any CPU
		{C7A0CA73-80C1-4C59-8176-890D542F4563}.Debug|Any CPU.ActiveCfg = Debug|Any CPU
		{C7A0CA73-80C1-4C59-8176-890D542F4563}.Debug|Any CPU.Build.0 = Debug|Any CPU
		{C7A0CA73-80C1-4C59-8176-890D542F4563}.Release|Any CPU.ActiveCfg = Release|Any CPU
		{C7A0CA73-80C1-4C59-8176-890D542F4563}.Release|Any CPU.Build.0 = Release|Any CPU
		{7309F38F-E9C5-4F13-B3D0-A3976983C428}.Debug|Any CPU.ActiveCfg = Debug|Any CPU
		{7309F38F-E9C5-4F13-B3D0-A3976983C428}.Debug|Any CPU.Build.0 = Debug|Any CPU
		{7309F38F-E9C5-4F13-B3D0-A3976983C428}.Release|Any CPU.ActiveCfg = Release|Any CPU
		{7309F38F-E9C5-4F13-B3D0-A3976983C428}.Release|Any CPU.Build.0 = Release|Any CPU
	EndGlobalSection
	GlobalSection(SolutionProperties) = preSolution
		HideSolutionNode = FALSE
	EndGlobalSection
EndGlobal
